{
  "name": "oulipoly-opencode-acp-v2",
  "lockfileVersion": 3,
  "requires": true,
  "packages": {
    "": {
      "name": "oulipoly-opencode-acp-v2",
      "dependencies": {
        "@agentclientprotocol/sdk": "1.7.0",
        "zod": "4.6.5",
        "opencode-linux-x64": "1.18.30"
      }
    },
    "node_modules/@agentclientprotocol/sdk": {
      "version": "1.7.0",
      "resolved": "https://registry.npmjs.org/@agentclientprotocol/sdk/-/sdk-1.7.0.tgz",
      "integrity": "sha512-ZORuxsuEnLjRly7t6Ad7zAsWitjWsyprswyPUHz/yycPb+tTm3DGa8XheaHhRXqX8LS9snuxaYavXSRA50TlHw==",
      "license": "Apache-2.0",
      "peerDependencies": {
        "zod": "^3.25.0 || ^4.0.0"
      }
    },
    "node_modules/zod": {
      "version": "4.6.5",
      "resolved": "https://registry.npmjs.org/zod/-/zod-4.6.5.tgz",
      "integrity": "sha512-v5l/aFXZQeai4awLbOpSoHecE9UiMrnfx75tEXLjNonXVARxQ5mOeipTjROUchszUNCqnE+hqAMujRsRHsut2Q==",
      "license": "MIT"
    },
    "node_modules/opencode-linux-x64": {
      "version": "1.18.30",
      "resolved": "https://registry.npmjs.org/opencode-linux-x64/-/opencode-linux-x64-1.18.30.tgz",
      "integrity": "sha512-qiJz71TAZjV24Lo0mh3HgHMAZSrAPLEn7ld6H540ub0hLc0XA2Pa2YhZxjn1K845azojLv8Ek+zpK6384VbU/w==",
      "os": [
        "linux"
      ],
      "cpu": [
        "x64"
      ]
    }
  }
}
